{
  "requires": true,
  "lockfileVersion": 1,
  "dependencies": {
    "vuetify": {
      "version": "2.5.11",
      "resolved": "https://registry.npmjs.org/vuetify/-/vuetify-2.5.11.tgz",
      "integrity": "sha512-5ZdGON0AgMIhi9iokbLPuPLHFnXYSdEDg0o8tZlrSmKMRcMqAzuDOLzln+uTyde+/BKQ1g/qStKVvmdFhj2/zg=="
    }
  }
}
